# THIS IS AN AUTOGENERATED FILE. DO NOT EDIT THIS FILE DIRECTLY.
# yarn lockfile v1


"@middy/core@^2.5.5":
  version "2.5.5"
  resolved "https://registry.yarnpkg.com/@middy/core/-/core-2.5.5.tgz#e56046781dd85ab187227251e2314706d35794cd"
  integrity sha512-DejbKVPfLWQeq+KUhdTHxBjVJx/f/N2u6MgkxDhFygF+KShRQGCcaIpxdu36m1GgB3stlwfrWAFR+7jKEytVrQ==

"@middy/http-json-body-parser@^2.5.5":
  version "2.5.5"
  resolved "https://registry.yarnpkg.com/@middy/http-json-body-parser/-/http-json-body-parser-2.5.5.tgz#2e442c10eda77d437eef9f18db69a77090f9d837"
  integrity sha512-oxXx4YrVk2IhYBh/bHDl1FFk4bpQVJDDcm2EthnaBMwYWCDHUGZSzK+vd9MDvDe7r1rGAOGLfPbkjEN+175FUg==
  dependencies:
    "@middy/util" "^2.5.5"

"@middy/util@^2.5.5":
  version "2.5.5"
  resolved "https://registry.yarnpkg.com/@middy/util/-/util-2.5.5.tgz#c093de6fffe874d1d456b97d4f8cd72a0ff2fea8"
  integrity sha512-uTCxN5j8hGeEtpH0UTwIcFhBpOLg+/Ur+6XUv0537s9v6KIDB6UY17OA7gYrXmhy9B9SkwP5yv8+BWLC5oHQ3A==

"@middy/validator@^2.5.5":
  version "2.5.5"
  resolved "https://registry.yarnpkg.com/@middy/validator/-/validator-2.5.5.tgz#2ffd2b0dd43f616c7f8fbb126051a3d07b707e6f"
  integrity sha512-+Xs6MLshmZjXVq4UWzpaabAmMqQWn2Fx2+SRghHKM5bP/LqIYkckzekUzf/y80+JRzY8m6Hy+oNlApXc29pWtQ==
  dependencies:
    "@middy/util" "^2.5.5"
    ajv "8.6.3"
    ajv-formats "2.1.1"
    ajv-formats-draft2019 "1.6.1"
    ajv-i18n "4.1.0"

ajv-formats-draft2019@1.6.1:
  version "1.6.1"
  resolved "https://registry.yarnpkg.com/ajv-formats-draft2019/-/ajv-formats-draft2019-1.6.1.tgz#6affe2220e7828360793776f1976de0420acccfb"
  integrity sha512-JQPvavpkWDvIsBp2Z33UkYCtXCSpW4HD3tAZ+oL4iEFOk9obQZffx0yANwECt6vzr6ET+7HN5czRyqXbnq/u0Q==
  dependencies:
    punycode "^2.1.1"
    schemes "^1.4.0"
    smtp-address-parser "^1.0.3"
    uri-js "^4.4.1"

ajv-formats@2.1.1:
  version "2.1.1"
  resolved "https://registry.yarnpkg.com/ajv-formats/-/ajv-formats-2.1.1.tgz#6e669400659eb74973bbf2e33327180a0996b520"
  integrity sha512-Wx0Kx52hxE7C18hkMEggYlEifqWZtYaRgouJor+WMdPnQyEK13vgEWyVNup7SoeeoLMsr4kf5h6dOW11I15MUA==
  dependencies:
    ajv "^8.0.0"

ajv-i18n@4.1.0:
  version "4.1.0"
  resolved "https://registry.yarnpkg.com/ajv-i18n/-/ajv-i18n-4.1.0.tgz#464b5bfe2c7e44df6af3c7e24cc3f43f74ad5b39"
  integrity sha512-GmRKPqWbZc+wn77IVPixJ336h9opyWSd4iTEGv825jxbccN1JKVEG/JnJX9wxYa1/yPmT/4v/YZN3ymmHwY4ag==

ajv@8.6.3:
  version "8.6.3"
  resolved "https://registry.yarnpkg.com/ajv/-/ajv-8.6.3.tgz#11a66527761dc3e9a3845ea775d2d3c0414e8764"
  integrity sha512-SMJOdDP6LqTkD0Uq8qLi+gMwSt0imXLSV080qFVwJCpH9U6Mb+SUGHAXM0KNbcBPguytWyvFxcHgMLe2D2XSpw==
  dependencies:
    fast-deep-equal "^3.1.1"
    json-schema-traverse "^1.0.0"
    require-from-string "^2.0.2"
    uri-js "^4.2.2"

ajv@^8.0.0:
  version "8.9.0"
  resolved "https://registry.yarnpkg.com/ajv/-/ajv-8.9.0.tgz#738019146638824dea25edcf299dcba1b0e7eb18"
  integrity sha512-qOKJyNj/h+OWx7s5DePL6Zu1KeM9jPZhwBqs+7DzP6bGOvqzVCSf0xueYmVuaC/oQ/VtS2zLMLHdQFbkka+XDQ==
  dependencies:
    fast-deep-equal "^3.1.1"
    json-schema-traverse "^1.0.0"
    require-from-string "^2.0.2"
    uri-js "^4.2.2"

commander@^2.19.0:
  version "2.20.3"
  resolved "https://registry.yarnpkg.com/commander/-/commander-2.20.3.tgz#fd485e84c03eb4881c20722ba48035e8531aeb33"
  integrity sha512-GpVkmM8vF2vQUkj2LvZmD35JxeJOLCwJ9cUkugyk2nuhbv3+mJvpLYYt+0+USMxE+oj+ey/lJEnhZw75x/OMcQ==

discontinuous-range@1.0.0:
  version "1.0.0"
  resolved "https://registry.yarnpkg.com/discontinuous-range/-/discontinuous-range-1.0.0.tgz#e38331f0844bba49b9a9cb71c771585aab1bc65a"
  integrity sha1-44Mx8IRLukm5qctxx3FYWqsbxlo=

extend@^3.0.0:
  version "3.0.2"
  resolved "https://registry.yarnpkg.com/extend/-/extend-3.0.2.tgz#f8b1136b4071fbd8eb140aff858b1019ec2915fa"
  integrity sha512-fjquC59cD7CyW6urNXK0FBufkZcoiGG80wTuPujX590cB5Ttln20E2UB4S/WARVqhXffZl2LNgS+gQdPIIim/g==

fast-deep-equal@^3.1.1:
  version "3.1.3"
  resolved "https://registry.yarnpkg.com/fast-deep-equal/-/fast-deep-equal-3.1.3.tgz#3a7d56b559d6cbc3eb512325244e619a65c6c525"
  integrity sha512-f3qQ9oQy9j2AhBe/H9VC91wLmKBCCU/gDOnKNAYG5hswO7BLKj09Hc5HYNz9cGI++xlpDCIgDaitVs03ATR84Q==

json-schema-traverse@^1.0.0:
  version "1.0.0"
  resolved "https://registry.yarnpkg.com/json-schema-traverse/-/json-schema-traverse-1.0.0.tgz#ae7bcb3656ab77a73ba5c49bf654f38e6b6860e2"
  integrity sha512-NM8/P9n3XjXhIZn1lLhkFaACTOURQXjWhV4BA/RnOv8xvgqtqpAX9IO4mRQxSx1Rlo4tqzeqb0sOlruaOy3dug==

moo@^0.5.0:
  version "0.5.1"
  resolved "https://registry.yarnpkg.com/moo/-/moo-0.5.1.tgz#7aae7f384b9b09f620b6abf6f74ebbcd1b65dbc4"
  integrity sha512-I1mnb5xn4fO80BH9BLcF0yLypy2UKl+Cb01Fu0hJRkJjlCRtxZMWkTdAtDd5ZqCOxtCkhmRwyI57vWT+1iZ67w==

nearley@^2.20.1:
  version "2.20.1"
  resolved "https://registry.yarnpkg.com/nearley/-/nearley-2.20.1.tgz#246cd33eff0d012faf197ff6774d7ac78acdd474"
  integrity sha512-+Mc8UaAebFzgV+KpI5n7DasuuQCHA89dmwm7JXw3TV43ukfNQ9DnBH3Mdb2g/I4Fdxc26pwimBWvjIw0UAILSQ==
  dependencies:
    commander "^2.19.0"
    moo "^0.5.0"
    railroad-diagrams "^1.0.0"
    randexp "0.4.6"

punycode@^2.1.0, punycode@^2.1.1:
  version "2.1.1"
  resolved "https://registry.yarnpkg.com/punycode/-/punycode-2.1.1.tgz#b58b010ac40c22c5657616c8d2c2c02c7bf479ec"
  integrity sha512-XRsRjdf+j5ml+y/6GKHPZbrF/8p2Yga0JPtdqTIY2Xe5ohJPD9saDJJLPvp9+NSBprVvevdXZybnj2cv8OEd0A==

railroad-diagrams@^1.0.0:
  version "1.0.0"
  resolved "https://registry.yarnpkg.com/railroad-diagrams/-/railroad-diagrams-1.0.0.tgz#eb7e6267548ddedfb899c1b90e57374559cddb7e"
  integrity sha1-635iZ1SN3t+4mcG5Dlc3RVnN234=

randexp@0.4.6:
  version "0.4.6"
  resolved "https://registry.yarnpkg.com/randexp/-/randexp-0.4.6.tgz#e986ad5e5e31dae13ddd6f7b3019aa7c87f60ca3"
  integrity sha512-80WNmd9DA0tmZrw9qQa62GPPWfuXJknrmVmLcxvq4uZBdYqb1wYoKTmnlGUchvVWe0XiLupYkBoXVOxz3C8DYQ==
  dependencies:
    discontinuous-range "1.0.0"
    ret "~0.1.10"

require-from-string@^2.0.2:
  version "2.0.2"
  resolved "https://registry.yarnpkg.com/require-from-string/-/require-from-string-2.0.2.tgz#89a7fdd938261267318eafe14f9c32e598c36909"
  integrity sha512-Xf0nWe6RseziFMu+Ap9biiUbmplq6S9/p+7w7YXP/JBHhrUDDUhwa+vANyubuqfZWTveU//DYVGsDG7RKL/vEw==

ret@~0.1.10:
  version "0.1.15"
  resolved "https://registry.yarnpkg.com/ret/-/ret-0.1.15.tgz#b8a4825d5bdb1fc3f6f53c2bc33f81388681c7bc"
  integrity sha512-TTlYpa+OL+vMMNG24xSlQGEJ3B/RzEfUlLct7b5G/ytav+wPrplCpVMFuwzXbkecJrb6IYo1iFb0S9v37754mg==

schemes@^1.4.0:
  version "1.4.0"
  resolved "https://registry.yarnpkg.com/schemes/-/schemes-1.4.0.tgz#9d03302275e562488dd3afa7b654ed42e00569ec"
  integrity sha512-ImFy9FbCsQlVgnE3TCWmLPCFnVzx0lHL/l+umHplDqAKd0dzFpnS6lFZIpagBlYhKwzVmlV36ec0Y1XTu8JBAQ==
  dependencies:
    extend "^3.0.0"

smtp-address-parser@^1.0.3:
  version "1.0.8"
  resolved "https://registry.yarnpkg.com/smtp-address-parser/-/smtp-address-parser-1.0.8.tgz#9ac1e3b44420c0a21e68658dfbc2379cc483e9cc"
  integrity sha512-/YZCKXFO7HM5irmp1bzdefEYqPkM06Dy83xxsHqUSQWiosY7le5PFIeY7aeh6yi3+miphITBX5oZIwarnQz80A==
  dependencies:
    nearley "^2.20.1"

uri-js@^4.2.2, uri-js@^4.4.1:
  version "4.4.1"
  resolved "https://registry.yarnpkg.com/uri-js/-/uri-js-4.4.1.tgz#9b1a52595225859e55f669d928f88c6c57f2a77e"
  integrity sha512-7rKUyy33Q1yc98pQ1DAmLtwX109F7TIfWlW1Ydo8Wl1ii1SeHieeh0HHfPeL2fMXK6z0s8ecKs9frCuLJvndBg==
  dependencies:
    punycode "^2.1.0"
